// !$*UTF8*$!
{
	archiveVersion = 1;
	classes = {
	};
	objectVersion = 48;
	objects = {

/* Begin PBXBuildFile section */
		0420BD551FCC6D5B00DB0779 /* CoreDataHelper.swift in Sources */ = {isa = PBXBuildFile; fileRef = 0420BD541FCC6D5B00DB0779 /* CoreDataHelper.swift */; };
		042489B11FC4EEE2002C3B95 /* AppDelegate.swift in Sources */ = {isa = PBXBuildFile; fileRef = 042489B01FC4EEE2002C3B95 /* AppDelegate.swift */; };
		042489B61FC4EEE2002C3B95 /* Main.storyboard in Resources */ = {isa = PBXBuildFile; fileRef = 042489B41FC4EEE2002C3B95 /* Main.storyboard */; };
		042489B91FC4EEE2002C3B95 /* OpenWeatherAPI.xcdatamodeld in Sources */ = {isa = PBXBuildFile; fileRef = 042489B71FC4EEE2002C3B95 /* OpenWeatherAPI.xcdatamodeld */; };
		042489BB1FC4EEE2002C3B95 /* Assets.xcassets in Resources */ = {isa = PBXBuildFile; fileRef = 042489BA1FC4EEE2002C3B95 /* Assets.xcassets */; };
		042489BE1FC4EEE2002C3B95 /* LaunchScreen.storyboard in Resources */ = {isa = PBXBuildFile; fileRef = 042489BC1FC4EEE2002C3B95 /* LaunchScreen.storyboard */; };
		042489C61FC4EF42002C3B95 /* LoginViewController.swift in Sources */ = {isa = PBXBuildFile; fileRef = 042489C51FC4EF42002C3B95 /* LoginViewController.swift */; };
		042489C81FC4F16B002C3B95 /* PageViewController.swift in Sources */ = {isa = PBXBuildFile; fileRef = 042489C71FC4F16B002C3B95 /* PageViewController.swift */; };
		042489CA1FC4F1E1002C3B95 /* PageViewModel.swift in Sources */ = {isa = PBXBuildFile; fileRef = 042489C91FC4F1E1002C3B95 /* PageViewModel.swift */; };
		042489CC1FC4F8B4002C3B95 /* PageView.swift in Sources */ = {isa = PBXBuildFile; fileRef = 042489CB1FC4F8B4002C3B95 /* PageView.swift */; };
		042489D31FC4FF49002C3B95 /* OpenWeather.swift in Sources */ = {isa = PBXBuildFile; fileRef = 042489D21FC4FF49002C3B95 /* OpenWeather.swift */; };
		042489D51FC5027C002C3B95 /* APIService.swift in Sources */ = {isa = PBXBuildFile; fileRef = 042489D41FC5027C002C3B95 /* APIService.swift */; };
		042489D91FC50293002C3B95 /* Enums.swift in Sources */ = {isa = PBXBuildFile; fileRef = 042489D81FC50293002C3B95 /* Enums.swift */; };
		042489DB1FC5029D002C3B95 /* Extensions.swift in Sources */ = {isa = PBXBuildFile; fileRef = 042489DA1FC5029D002C3B95 /* Extensions.swift */; };
/* End PBXBuildFile section */

/* Begin PBXFileReference section */
		0420BD541FCC6D5B00DB0779 /* CoreDataHelper.swift */ = {isa = PBXFileReference; lastKnownFileType = sourcecode.swift; path = CoreDataHelper.swift; sourceTree = "<group>"; };
		042489AD1FC4EEE2002C3B95 /* OpenWeatherAPI.app */ = {isa = PBXFileReference; explicitFileType = wrapper.application; includeInIndex = 0; path = OpenWeatherAPI.app; sourceTree = BUILT_PRODUCTS_DIR; };
		042489B01FC4EEE2002C3B95 /* AppDelegate.swift */ = {isa = PBXFileReference; lastKnownFileType = sourcecode.swift; path = AppDelegate.swift; sourceTree = "<group>"; };
		042489B51FC4EEE2002C3B95 /* Base */ = {isa = PBXFileReference; lastKnownFileType = file.storyboard; name = Base; path = Base.lproj/Main.storyboard; sourceTree = "<group>"; };
		042489B81FC4EEE2002C3B95 /* OpenWeatherAPI.xcdatamodel */ = {isa = PBXFileReference; lastKnownFileType = wrapper.xcdatamodel; path = OpenWeatherAPI.xcdatamodel; sourceTree = "<group>"; };
		042489BA1FC4EEE2002C3B95 /* Assets.xcassets */ = {isa = PBXFileReference; lastKnownFileType = folder.assetcatalog; path = Assets.xcassets; sourceTree = "<group>"; };
		042489BD1FC4EEE2002C3B95 /* Base */ = {isa = PBXFileReference; lastKnownFileType = file.storyboard; name = Base; path = Base.lproj/LaunchScreen.storyboard; sourceTree = "<group>"; };
		042489BF1FC4EEE2002C3B95 /* Info.plist */ = {isa = PBXFileReference; lastKnownFileType = text.plist.xml; path = Info.plist; sourceTree = "<group>"; };
		042489C51FC4EF42002C3B95 /* LoginViewController.swift */ = {isa = PBXFileReference; lastKnownFileType = sourcecode.swift; path = LoginViewController.swift; sourceTree = "<group>"; };
		042489C71FC4F16B002C3B95 /* PageViewController.swift */ = {isa = PBXFileReference; lastKnownFileType = sourcecode.swift; path = PageViewController.swift; sourceTree = "<group>"; };
		042489C91FC4F1E1002C3B95 /* PageViewModel.swift */ = {isa = PBXFileReference; lastKnownFileType = sourcecode.swift; path = PageViewModel.swift; sourceTree = "<group>"; };
		042489CB1FC4F8B4002C3B95 /* PageView.swift */ = {isa = PBXFileReference; lastKnownFileType = sourcecode.swift; path = PageView.swift; sourceTree = "<group>"; };
		042489D21FC4FF49002C3B95 /* OpenWeather.swift */ = {isa = PBXFileReference; lastKnownFileType = sourcecode.swift; path = OpenWeather.swift; sourceTree = "<group>"; };
		042489D41FC5027C002C3B95 /* APIService.swift */ = {isa = PBXFileReference; lastKnownFileType = sourcecode.swift; path = APIService.swift; sourceTree = "<group>"; };
		042489D81FC50293002C3B95 /* Enums.swift */ = {isa = PBXFileReference; lastKnownFileType = sourcecode.swift; path = Enums.swift; sourceTree = "<group>"; };
		042489DA1FC5029D002C3B95 /* Extensions.swift */ = {isa = PBXFileReference; lastKnownFileType = sourcecode.swift; path = Extensions.swift; sourceTree = "<group>"; };
/* End PBXFileReference section */

/* Begin PBXFrameworksBuildPhase section */
		042489AA1FC4EEE2002C3B95 /* Frameworks */ = {
			isa = PBXFrameworksBuildPhase;
			buildActionMask = 2147483647;
			files = (
			);
			runOnlyForDeploymentPostprocessing = 0;
		};
/* End PBXFrameworksBuildPhase section */

/* Begin PBXGroup section */
		042489A41FC4EEE2002C3B95 = {
			isa = PBXGroup;
			children = (
				042489AF1FC4EEE2002C3B95 /* OpenWeatherAPI */,
				042489AE1FC4EEE2002C3B95 /* Products */,
			);
			sourceTree = "<group>";
		};
		042489AE1FC4EEE2002C3B95 /* Products */ = {
			isa = PBXGroup;
			children = (
				042489AD1FC4EEE2002C3B95 /* OpenWeatherAPI.app */,
			);
			name = Products;
			sourceTree = "<group>";
		};
		042489AF1FC4EEE2002C3B95 /* OpenWeatherAPI */ = {
			isa = PBXGroup;
			children = (
				042489D01FC4FED7002C3B95 /* Model */,
				042489CF1FC4FED1002C3B95 /* View */,
				042489CE1FC4FECA002C3B95 /* ViewModel */,
				042489CD1FC4FEC1002C3B95 /* Services */,
				042489D11FC4FEF9002C3B95 /* Resources */,
				042489B01FC4EEE2002C3B95 /* AppDelegate.swift */,
			);
			path = OpenWeatherAPI;
			sourceTree = "<group>";
		};
		042489CD1FC4FEC1002C3B95 /* Services */ = {
			isa = PBXGroup;
			children = (
				042489D41FC5027C002C3B95 /* APIService.swift */,
				042489D81FC50293002C3B95 /* Enums.swift */,
				042489DA1FC5029D002C3B95 /* Extensions.swift */,
				0420BD541FCC6D5B00DB0779 /* CoreDataHelper.swift */,
			);
			path = Services;
			sourceTree = "<group>";
		};
		042489CE1FC4FECA002C3B95 /* ViewModel */ = {
			isa = PBXGroup;
			children = (
				042489C91FC4F1E1002C3B95 /* PageViewModel.swift */,
			);
			path = ViewModel;
			sourceTree = "<group>";
		};
		042489CF1FC4FED1002C3B95 /* View */ = {
			isa = PBXGroup;
			children = (
				042489B41FC4EEE2002C3B95 /* Main.storyboard */,
				042489C71FC4F16B002C3B95 /* PageViewController.swift */,
				042489CB1FC4F8B4002C3B95 /* PageView.swift */,
				042489C51FC4EF42002C3B95 /* LoginViewController.swift */,
			);
			path = View;
			sourceTree = "<group>";
		};
		042489D01FC4FED7002C3B95 /* Model */ = {
			isa = PBXGroup;
			children = (
				042489D21FC4FF49002C3B95 /* OpenWeather.swift */,
			);
			path = Model;
			sourceTree = "<group>";
		};
		042489D11FC4FEF9002C3B95 /* Resources */ = {
			isa = PBXGroup;
			children = (
				042489BA1FC4EEE2002C3B95 /* Assets.xcassets */,
				042489BC1FC4EEE2002C3B95 /* LaunchScreen.storyboard */,
				042489BF1FC4EEE2002C3B95 /* Info.plist */,
				042489B71FC4EEE2002C3B95 /* OpenWeatherAPI.xcdatamodeld */,
			);
			name = Resources;
			sourceTree = "<group>";
		};
/* End PBXGroup section */

/* Begin PBXNativeTarget section */
		042489AC1FC4EEE2002C3B95 /* OpenWeatherAPI */ = {
			isa = PBXNativeTarget;
			buildConfigurationList = 042489C21FC4EEE2002C3B95 /* Build configuration list for PBXNativeTarget "OpenWeatherAPI" */;
			buildPhases = (
				042489A91FC4EEE2002C3B95 /* Sources */,
				042489AA1FC4EEE2002C3B95 /* Frameworks */,
				042489AB1FC4EEE2002C3B95 /* Resources */,
			);
			buildRules = (
			);
			dependencies = (
			);
			name = OpenWeatherAPI;
			productName = OpenWeatherAPI;
			productReference = 042489AD1FC4EEE2002C3B95 /* OpenWeatherAPI.app */;
			productType = "com.apple.product-type.application";
		};
/* End PBXNativeTarget section */

/* Begin PBXProject section */
		042489A51FC4EEE2002C3B95 /* Project object */ = {
			isa = PBXProject;
			attributes = {
				LastSwiftUpdateCheck = 0900;
				LastUpgradeCheck = 0900;
				ORGANIZATIONNAME = "Mobile Apps Company";
				TargetAttributes = {
					042489AC1FC4EEE2002C3B95 = {
						CreatedOnToolsVersion = 9.0.1;
						ProvisioningStyle = Automatic;
					};
				};
			};
			buildConfigurationList = 042489A81FC4EEE2002C3B95 /* Build configuration list for PBXProject "OpenWeatherAPI" */;
			compatibilityVersion = "Xcode 8.0";
			developmentRegion = en;
			hasScannedForEncodings = 0;
			knownRegions = (
				en,
				Base,
			);
			mainGroup = 042489A41FC4EEE2002C3B95;
			productRefGroup = 042489AE1FC4EEE2002C3B95 /* Products */;
			projectDirPath = "";
			projectRoot = "";
			targets = (
				042489AC1FC4EEE2002C3B95 /* OpenWeatherAPI */,
			);
		};
/* End PBXProject section */

/* Begin PBXResourcesBuildPhase section */
		042489AB1FC4EEE2002C3B95 /* Resources */ = {
			isa = PBXResourcesBuildPhase;
			buildActionMask = 2147483647;
			files = (
				042489BE1FC4EEE2002C3B95 /* LaunchScreen.storyboard in Resources */,
				042489BB1FC4EEE2002C3B95 /* Assets.xcassets in Resources */,
				042489B61FC4EEE2002C3B95 /* Main.storyboard in Resources */,
			);
			runOnlyForDeploymentPostprocessing = 0;
		};
/* End PBXResourcesBuildPhase section */

/* Begin PBXSourcesBuildPhase section */
		042489A91FC4EEE2002C3B95 /* Sources */ = {
			isa = PBXSourcesBuildPhase;
			buildActionMask = 2147483647;
			files = (
				042489D31FC4FF49002C3B95 /* OpenWeather.swift in Sources */,
				042489CA1FC4F1E1002C3B95 /* PageViewModel.swift in Sources */,
				042489D91FC50293002C3B95 /* Enums.swift in Sources */,
				042489CC1FC4F8B4002C3B95 /* PageView.swift in Sources */,
				042489C61FC4EF42002C3B95 /* LoginViewController.swift in Sources */,
				042489B91FC4EEE2002C3B95 /* OpenWeatherAPI.xcdatamodeld in Sources */,
				0420BD551FCC6D5B00DB0779 /* CoreDataHelper.swift in Sources */,
				042489B11FC4EEE2002C3B95 /* AppDelegate.swift in Sources */,
				042489D51FC5027C002C3B95 /* APIService.swift in Sources */,
				042489C81FC4F16B002C3B95 /* PageViewController.swift in Sources */,
				042489DB1FC5029D002C3B95 /* Extensions.swift in Sources */,
			);
			runOnlyForDeploymentPostprocessing = 0;
		};
/* End PBXSourcesBuildPhase section */

/* Begin PBXVariantGroup section */
		042489B41FC4EEE2002C3B95 /* Main.storyboard */ = {
			isa = PBXVariantGroup;
			children = (
				042489B51FC4EEE2002C3B95 /* Base */,
			);
			name = Main.storyboard;
			sourceTree = "<group>";
		};
		042489BC1FC4EEE2002C3B95 /* LaunchScreen.storyboard */ = {
			isa = PBXVariantGroup;
			children = (
				042489BD1FC4EEE2002C3B95 /* Base */,
			);
			name = LaunchScreen.storyboard;
			sourceTree = "<group>";
		};
/* End PBXVariantGroup section */

/* Begin XCBuildConfiguration section */
		042489C01FC4EEE2002C3B95 /* Debug */ = {
			isa = XCBuildConfiguration;
			buildSettings = {
				ALWAYS_SEARCH_USER_PATHS = NO;
				CLANG_ANALYZER_NONNULL = YES;
				CLANG_ANALYZER_NUMBER_OBJECT_CONVERSION = YES_AGGRESSIVE;
				CLANG_CXX_LANGUAGE_STANDARD = "gnu++14";
				CLANG_CXX_LIBRARY = "libc++";
				CLANG_ENABLE_MODULES = YES;
				CLANG_ENABLE_OBJC_ARC = YES;
				CLANG_WARN_BLOCK_CAPTURE_AUTORELEASING = YES;
				CLANG_WARN_BOOL_CONVERSION = YES;
				CLANG_WARN_COMMA = YES;
				CLANG_WARN_CONSTANT_CONVERSION = YES;
				CLANG_WARN_DIRECT_OBJC_ISA_USAGE = YES_ERROR;
				CLANG_WARN_DOCUMENTATION_COMMENTS = YES;
				CLANG_WARN_EMPTY_BODY = YES;
				CLANG_WARN_ENUM_CONVERSION = YES;
				CLANG_WARN_INFINITE_RECURSION = YES;
				CLANG_WARN_INT_CONVERSION = YES;
				CLANG_WARN_NON_LITERAL_NULL_CONVERSION = YES;
				CLANG_WARN_OBJC_LITERAL_CONVERSION = YES;
				CLANG_WARN_OBJC_ROOT_CLASS = YES_ERROR;
				CLANG_WARN_RANGE_LOOP_ANALYSIS = YES;
				CLANG_WARN_STRICT_PROTOTYPES = YES;
				CLANG_WARN_SUSPICIOUS_MOVE = YES;
				CLANG_WARN_UNGUARDED_AVAILABILITY = YES_AGGRESSIVE;
				CLANG_WARN_UNREACHABLE_CODE = YES;
				CLANG_WARN__DUPLICATE_METHOD_MATCH = YES;
				CODE_SIGN_IDENTITY = "iPhone Developer";
				COPY_PHASE_STRIP = NO;
				DEBUG_INFORMATION_FORMAT = dwarf;
				ENABLE_STRICT_OBJC_MSGSEND = YES;
				ENABLE_TESTABILITY = YES;
				GCC_C_LANGUAGE_STANDARD = gnu11;
				GCC_DYNAMIC_NO_PIC = NO;
				GCC_NO_COMMON_BLOCKS = YES;
				GCC_OPTIMIZATION_LEVEL = 0;
				GCC_PREPROCESSOR_DEFINITIONS = (
					"DEBUG=1",
					"$(inherited)",
				);
				GCC_WARN_64_TO_32_BIT_CONVERSION = YES;
				GCC_WARN_ABOUT_RETURN_TYPE = YES_ERROR;
				GCC_WARN_UNDECLARED_SELECTOR = YES;
				GCC_WARN_UNINITIALIZED_AUTOS = YES_AGGRESSIVE;
				GCC_WARN_UNUSED_FUNCTION = YES;
				GCC_WARN_UNUSED_VARIABLE = YES;
				IPHONEOS_DEPLOYMENT_TARGET = 11.0;
				MTL_ENABLE_DEBUG_INFO = YES;
				ONLY_ACTIVE_ARCH = YES;
				SDKROOT = iphoneos;
				SWIFT_ACTIVE_COMPILATION_CONDITIONS = DEBUG;
				SWIFT_OPTIMIZATION_LEVEL = "-Onone";
			};
			name = Debug;
		};
		042489C11FC4EEE2002C3B95 /* Release */ = {
			isa = XCBuildConfiguration;
			buildSettings = {
				ALWAYS_SEARCH_USER_PATHS = NO;
				CLANG_ANALYZER_NONNULL = YES;
				CLANG_ANALYZER_NUMBER_OBJECT_CONVERSION = YES_AGGRESSIVE;
				CLANG_CXX_LANGUAGE_STANDARD = "gnu++14";
				CLANG_CXX_LIBRARY = "libc++";
				CLANG_ENABLE_MODULES = YES;
				CLANG_ENABLE_OBJC_ARC = YES;
				CLANG_WARN_BLOCK_CAPTURE_AUTORELEASING = YES;
				CLANG_WARN_BOOL_CONVERSION = YES;
				CLANG_WARN_COMMA = YES;
				CLANG_WARN_CONSTANT_CONVERSION = YES;
				CLANG_WARN_DIRECT_OBJC_ISA_USAGE = YES_ERROR;
				CLANG_WARN_DOCUMENTATION_COMMENTS = YES;
				CLANG_WARN_EMPTY_BODY = YES;
				CLANG_WARN_ENUM_CONVERSION = YES;
				CLANG_WARN_INFINITE_RECURSION = YES;
				CLANG_WARN_INT_CONVERSION = YES;
				CLANG_WARN_NON_LITERAL_NULL_CONVERSION = YES;
				CLANG_WARN_OBJC_LITERAL_CONVERSION = YES;
				CLANG_WARN_OBJC_ROOT_CLASS = YES_ERROR;
				CLANG_WARN_RANGE_LOOP_ANALYSIS = YES;
				CLANG_WARN_STRICT_PROTOTYPES = YES;
				CLANG_WARN_SUSPICIOUS_MOVE = YES;
				CLANG_WARN_UNGUARDED_AVAILABILITY = YES_AGGRESSIVE;
				CLANG_WARN_UNREACHABLE_CODE = YES;
				CLANG_WARN__DUPLICATE_METHOD_MATCH = YES;
				CODE_SIGN_IDENTITY = "iPhone Developer";
				COPY_PHASE_STRIP = NO;
				DEBUG_INFORMATION_FORMAT = "dwarf-with-dsym";
				ENABLE_NS_ASSERTIONS = NO;
				ENABLE_STRICT_OBJC_MSGSEND = YES;
				GCC_C_LANGUAGE_STANDARD = gnu11;
				GCC_NO_COMMON_BLOCKS = YES;
				GCC_WARN_64_TO_32_BIT_CONVERSION = YES;
				GCC_WARN_ABOUT_RETURN_TYPE = YES_ERROR;
				GCC_WARN_UNDECLARED_SELECTOR = YES;
				GCC_WARN_UNINITIALIZED_AUTOS = YES_AGGRESSIVE;
				GCC_WARN_UNUSED_FUNCTION = YES;
				GCC_WARN_UNUSED_VARIABLE = YES;
				IPHONEOS_DEPLOYMENT_TARGET = 11.0;
				MTL_ENABLE_DEBUG_INFO = NO;
				SDKROOT = iphoneos;
				SWIFT_OPTIMIZATION_LEVEL = "-Owholemodule";
				VALIDATE_PRODUCT = YES;
			};
			name = Release;
		};
		042489C31FC4EEE2002C3B95 /* Debug */ = {
			isa = XCBuildConfiguration;
			buildSettings = {
				ASSETCATALOG_COMPILER_APPICON_NAME = AppIcon;
				CODE_SIGN_STYLE = Automatic;
				INFOPLIST_FILE = OpenWeatherAPI/Info.plist;
				LD_RUNPATH_SEARCH_PATHS = "$(inherited) @executable_path/Frameworks";
				PRODUCT_BUNDLE_IDENTIFIER = COM.MAC.OpenWeatherAPI;
				PRODUCT_NAME = "$(TARGET_NAME)";
				SWIFT_VERSION = 4.0;
				TARGETED_DEVICE_FAMILY = "1,2";
			};
			name = Debug;
		};
		042489C41FC4EEE2002C3B95 /* Release */ = {
			isa = XCBuildConfiguration;
			buildSettings = {
				ASSETCATALOG_COMPILER_APPICON_NAME = AppIcon;
				CODE_SIGN_STYLE = Automatic;
				INFOPLIST_FILE = OpenWeatherAPI/Info.plist;
				LD_RUNPATH_SEARCH_PATHS = "$(inherited) @executable_path/Frameworks";
				PRODUCT_BUNDLE_IDENTIFIER = COM.MAC.OpenWeatherAPI;
				PRODUCT_NAME = "$(TARGET_NAME)";
				SWIFT_VERSION = 4.0;
				TARGETED_DEVICE_FAMILY = "1,2";
			};
			name = Release;
		};
/* End XCBuildConfiguration section */

/* Begin XCConfigurationList section */
		042489A81FC4EEE2002C3B95 /* Build configuration list for PBXProject "OpenWeatherAPI" */ = {
			isa = XCConfigurationList;
			buildConfigurations = (
				042489C01FC4EEE2002C3B95 /* Debug */,
				042489C11FC4EEE2002C3B95 /* Release */,
			);
			defaultConfigurationIsVisible = 0;
			defaultConfigurationName = Release;
		};
		042489C21FC4EEE2002C3B95 /* Build configuration list for PBXNativeTarget "OpenWeatherAPI" */ = {
			isa = XCConfigurationList;
			buildConfigurations = (
				042489C31FC4EEE2002C3B95 /* Debug */,
				042489C41FC4EEE2002C3B95 /* Release */,
			);
			defaultConfigurationIsVisible = 0;
			defaultConfigurationName = Release;
		};
/* End XCConfigurationList section */

/* Begin XCVersionGroup section */
		042489B71FC4EEE2002C3B95 /* OpenWeatherAPI.xcdatamodeld */ = {
			isa = XCVersionGroup;
			children = (
				042489B81FC4EEE2002C3B95 /* OpenWeatherAPI.xcdatamodel */,
			);
			currentVersion = 042489B81FC4EEE2002C3B95 /* OpenWeatherAPI.xcdatamodel */;
			path = OpenWeatherAPI.xcdatamodeld;
			sourceTree = "<group>";
			versionGroupType = wrapper.xcdatamodel;
		};
/* End XCVersionGroup section */
	};
	rootObject = 042489A51FC4EEE2002C3B95 /* Project object */;
}
